
Microsoft Visual Studio Solution File, Format Version 12.00
# Visual Studio Version 18
VisualStudioVersion = 18.8.12021.73
MinimumVisualStudioVersion = 10.0.40219.1
Project("{FAE04EC0-301F-11D3-BF4B-00C04F79EFBC}") = "Shared.Authentication", "Shared.Authentication\Shared.Authentication.csproj", "{1CA0CFE1-D93B-46A2-BBEE-908FA4F04DE1}"
EndProject
Project("{FAE04EC0-301F-11D3-BF4B-00C04F79EFBC}") = "BillingService", "BillingService\BillingService.csproj", "{06788EEC-0CED-4859-8A33-13AD547E2F67}"
EndProject
Project("{FAE04EC0-301F-11D3-BF4B-00C04F79EFBC}") = "PatientAuthService", "PatientAuthService\PatientAuthService.csproj", "{7364DB1E-407A-446D-822F-CFA1934A7810}"
EndProject
Project("{2150E333-8FDC-42A3-9474-1A3956D46DE8}") = "Services", "Services", "{D8F85806-E508-4374-9423-C0CA37016C2D}"
EndProject
Project("{2150E333-8FDC-42A3-9474-1A3956D46DE8}") = "Shared", "Shared", "{7CCDF744-4F05-4B78-8890-72562B220B02}"
EndProject
Project("{FAE04EC0-301F-11D3-BF4B-00C04F79EFBC}") = "LabReportService", "LabReportService\LabReportService.csproj", "{8C9B2964-EC82-4A37-804A-0DB618CC447F}"
EndProject
Project("{FAE04EC0-301F-11D3-BF4B-00C04F79EFBC}") = "EmployeeAuthService", "EmployeeAuthService\EmployeeAuthService.csproj", "{2F86786B-7212-4DEF-B415-3C17D62328CA}"
EndProject
Project("{FAE04EC0-301F-11D3-BF4B-00C04F79EFBC}") = "IpdService", "IpdService\IpdService.csproj", "{866284CE-4670-4DC4-9172-069AC5DE3066}"
EndProject
Project("{FAE04EC0-301F-11D3-BF4B-00C04F79EFBC}") = "OPDRegistrationService", "OPDRegistrationService\OPDRegistrationService.csproj", "{35277B35-E0B8-4E03-9ABD-6AC7ABC960BB}"
EndProject
Project("{FAE04EC0-301F-11D3-BF4B-00C04F79EFBC}") = "HealthCampService", "HealthCampService\HealthCampService.csproj", "{CA11E97C-1118-41BA-9305-281796DC29B1}"
EndProject
Project("{FAE04EC0-301F-11D3-BF4B-00C04F79EFBC}") = "AiService", "AiService\AiService.csproj", "{045C3866-0E18-4D57-B834-D194DE3FD9AF}"
EndProject
Project("{FAE04EC0-301F-11D3-BF4B-00C04F79EFBC}") = "Gateway", "Gateway\Gateway.csproj", "{C2637985-65AF-44CA-B64E-F2027C7231A5}"
EndProject
Project("{FAE04EC0-301F-11D3-BF4B-00C04F79EFBC}") = "DoctorScheduleService", "DoctorScheduleService\DoctorScheduleService.csproj", "{5F26B9D5-DBB7-4CE0-8DBC-ED1DB383AD64}"
EndProject
Global
	GlobalSection(SolutionConfigurationPlatforms) = preSolution
		Debug|Any CPU = Debug|Any CPU
		Debug|x64 = Debug|x64
		Debug|x86 = Debug|x86
		Release|Any CPU = Release|Any CPU
		Release|x64 = Release|x64
		Release|x86 = Release|x86
	EndGlobalSection
	GlobalSection(ProjectConfigurationPlatforms) = postSolution
		{1CA0CFE1-D93B-46A2-BBEE-908FA4F04DE1}.Debug|Any CPU.ActiveCfg = Debug|Any CPU
		{1CA0CFE1-D93B-46A2-BBEE-908FA4F04DE1}.Debug|Any CPU.Build.0 = Debug|Any CPU
		{1CA0CFE1-D93B-46A2-BBEE-908FA4F04DE1}.Debug|x64.ActiveCfg = Debug|Any CPU
		{1CA0CFE1-D93B-46A2-BBEE-908FA4F04DE1}.Debug|x64.Build.0 = Debug|Any CPU
		{1CA0CFE1-D93B-46A2-BBEE-908FA4F04DE1}.Debug|x86.ActiveCfg = Debug|Any CPU
		{1CA0CFE1-D93B-46A2-BBEE-908FA4F04DE1}.Debug|x86.Build.0 = Debug|Any CPU
		{1CA0CFE1-D93B-46A2-BBEE-908FA4F04DE1}.Release|Any CPU.ActiveCfg = Release|Any CPU
		{1CA0CFE1-D93B-46A2-BBEE-908FA4F04DE1}.Release|Any CPU.Build.0 = Release|Any CPU
		{1CA0CFE1-D93B-46A2-BBEE-908FA4F04DE1}.Release|x64.ActiveCfg = Release|Any CPU
		{1CA0CFE1-D93B-46A2-BBEE-908FA4F04DE1}.Release|x64.Build.0 = Release|Any CPU
		{1CA0CFE1-D93B-46A2-BBEE-908FA4F04DE1}.Release|x86.ActiveCfg = Release|Any CPU
		{1CA0CFE1-D93B-46A2-BBEE-908FA4F04DE1}.Release|x86.Build.0 = Release|Any CPU
		{06788EEC-0CED-4859-8A33-13AD547E2F67}.Debug|Any CPU.ActiveCfg = Debug|Any CPU
		{06788EEC-0CED-4859-8A33-13AD547E2F67}.Debug|Any CPU.Build.0 = Debug|Any CPU
		{06788EEC-0CED-4859-8A33-13AD547E2F67}.Debug|x64.ActiveCfg = Debug|Any CPU
		{06788EEC-0CED-4859-8A33-13AD547E2F67}.Debug|x64.Build.0 = Debug|Any CPU
		{06788EEC-0CED-4859-8A33-13AD547E2F67}.Debug|x86.ActiveCfg = Debug|Any CPU
		{06788EEC-0CED-4859-8A33-13AD547E2F67}.Debug|x86.Build.0 = Debug|Any CPU
		{06788EEC-0CED-4859-8A33-13AD547E2F67}.Release|Any CPU.ActiveCfg = Release|Any CPU
		{06788EEC-0CED-4859-8A33-13AD547E2F67}.Release|Any CPU.Build.0 = Release|Any CPU
		{06788EEC-0CED-4859-8A33-13AD547E2F67}.Release|x64.ActiveCfg = Release|Any CPU
		{06788EEC-0CED-4859-8A33-13AD547E2F67}.Release|x64.Build.0 = Release|Any CPU
		{06788EEC-0CED-4859-8A33-13AD547E2F67}.Release|x86.ActiveCfg = Release|Any CPU
		{06788EEC-0CED-4859-8A33-13AD547E2F67}.Release|x86.Build.0 = Release|Any CPU
		{7364DB1E-407A-446D-822F-CFA1934A7810}.Debug|Any CPU.ActiveCfg = Debug|Any CPU
		{7364DB1E-407A-446D-822F-CFA1934A7810}.Debug|Any CPU.Build.0 = Debug|Any CPU
		{7364DB1E-407A-446D-822F-CFA1934A7810}.Debug|x64.ActiveCfg = Debug|Any CPU
		{7364DB1E-407A-446D-822F-CFA1934A7810}.Debug|x64.Build.0 = Debug|Any CPU
		{7364DB1E-407A-446D-822F-CFA1934A7810}.Debug|x86.ActiveCfg = Debug|Any CPU
		{7364DB1E-407A-446D-822F-CFA1934A7810}.Debug|x86.Build.0 = Debug|Any CPU
		{7364DB1E-407A-446D-822F-CFA1934A7810}.Release|Any CPU.ActiveCfg = Release|Any CPU
		{7364DB1E-407A-446D-822F-CFA1934A7810}.Release|Any CPU.Build.0 = Release|Any CPU
		{7364DB1E-407A-446D-822F-CFA1934A7810}.Release|x64.ActiveCfg = Release|Any CPU
		{7364DB1E-407A-446D-822F-CFA1934A7810}.Release|x64.Build.0 = Release|Any CPU
		{7364DB1E-407A-446D-822F-CFA1934A7810}.Release|x86.ActiveCfg = Release|Any CPU
		{7364DB1E-407A-446D-822F-CFA1934A7810}.Release|x86.Build.0 = Release|Any CPU
		{8C9B2964-EC82-4A37-804A-0DB618CC447F}.Debug|Any CPU.ActiveCfg = Debug|Any CPU
		{8C9B2964-EC82-4A37-804A-0DB618CC447F}.Debug|Any CPU.Build.0 = Debug|Any CPU
		{8C9B2964-EC82-4A37-804A-0DB618CC447F}.Debug|x64.ActiveCfg = Debug|Any CPU
		{8C9B2964-EC82-4A37-804A-0DB618CC447F}.Debug|x64.Build.0 = Debug|Any CPU
		{8C9B2964-EC82-4A37-804A-0DB618CC447F}.Debug|x86.ActiveCfg = Debug|Any CPU
		{8C9B2964-EC82-4A37-804A-0DB618CC447F}.Debug|x86.Build.0 = Debug|Any CPU
		{8C9B2964-EC82-4A37-804A-0DB618CC447F}.Release|Any CPU.ActiveCfg = Release|Any CPU
		{8C9B2964-EC82-4A37-804A-0DB618CC447F}.Release|Any CPU.Build.0 = Release|Any CPU
		{8C9B2964-EC82-4A37-804A-0DB618CC447F}.Release|x64.ActiveCfg = Release|Any CPU
		{8C9B2964-EC82-4A37-804A-0DB618CC447F}.Release|x64.Build.0 = Release|Any CPU
		{8C9B2964-EC82-4A37-804A-0DB618CC447F}.Release|x86.ActiveCfg = Release|Any CPU
		{8C9B2964-EC82-4A37-804A-0DB618CC447F}.Release|x86.Build.0 = Release|Any CPU
		{2F86786B-7212-4DEF-B415-3C17D62328CA}.Debug|Any CPU.ActiveCfg = Debug|Any CPU
		{2F86786B-7212-4DEF-B415-3C17D62328CA}.Debug|Any CPU.Build.0 = Debug|Any CPU
		{2F86786B-7212-4DEF-B415-3C17D62328CA}.Debug|x64.ActiveCfg = Debug|Any CPU
		{2F86786B-7212-4DEF-B415-3C17D62328CA}.Debug|x64.Build.0 = Debug|Any CPU
		{2F86786B-7212-4DEF-B415-3C17D62328CA}.Debug|x86.ActiveCfg = Debug|Any CPU
		{2F86786B-7212-4DEF-B415-3C17D62328CA}.Debug|x86.Build.0 = Debug|Any CPU
		{2F86786B-7212-4DEF-B415-3C17D62328CA}.Release|Any CPU.ActiveCfg = Release|Any CPU
		{2F86786B-7212-4DEF-B415-3C17D62328CA}.Release|Any CPU.Build.0 = Release|Any CPU
		{2F86786B-7212-4DEF-B415-3C17D62328CA}.Release|x64.ActiveCfg = Release|Any CPU
		{2F86786B-7212-4DEF-B415-3C17D62328CA}.Release|x64.Build.0 = Release|Any CPU
		{2F86786B-7212-4DEF-B415-3C17D62328CA}.Release|x86.ActiveCfg = Release|Any CPU
		{2F86786B-7212-4DEF-B415-3C17D62328CA}.Release|x86.Build.0 = Release|Any CPU
		{866284CE-4670-4DC4-9172-069AC5DE3066}.Debug|Any CPU.ActiveCfg = Debug|Any CPU
		{866284CE-4670-4DC4-9172-069AC5DE3066}.Debug|Any CPU.Build.0 = Debug|Any CPU
		{866284CE-4670-4DC4-9172-069AC5DE3066}.Debug|x64.ActiveCfg = Debug|Any CPU
		{866284CE-4670-4DC4-9172-069AC5DE3066}.Debug|x64.Build.0 = Debug|Any CPU
		{866284CE-4670-4DC4-9172-069AC5DE3066}.Debug|x86.ActiveCfg = Debug|Any CPU
		{866284CE-4670-4DC4-9172-069AC5DE3066}.Debug|x86.Build.0 = Debug|Any CPU
		{866284CE-4670-4DC4-9172-069AC5DE3066}.Release|Any CPU.ActiveCfg = Release|Any CPU
		{866284CE-4670-4DC4-9172-069AC5DE3066}.Release|Any CPU.Build.0 = Release|Any CPU
		{866284CE-4670-4DC4-9172-069AC5DE3066}.Release|x64.ActiveCfg = Release|Any CPU
		{866284CE-4670-4DC4-9172-069AC5DE3066}.Release|x64.Build.0 = Release|Any CPU
		{866284CE-4670-4DC4-9172-069AC5DE3066}.Release|x86.ActiveCfg = Release|Any CPU
		{866284CE-4670-4DC4-9172-069AC5DE3066}.Release|x86.Build.0 = Release|Any CPU
		{35277B35-E0B8-4E03-9ABD-6AC7ABC960BB}.Debug|Any CPU.ActiveCfg = Debug|Any CPU
		{35277B35-E0B8-4E03-9ABD-6AC7ABC960BB}.Debug|Any CPU.Build.0 = Debug|Any CPU
		{35277B35-E0B8-4E03-9ABD-6AC7ABC960BB}.Debug|x64.ActiveCfg = Debug|Any CPU
		{35277B35-E0B8-4E03-9ABD-6AC7ABC960BB}.Debug|x64.Build.0 = Debug|Any CPU
		{35277B35-E0B8-4E03-9ABD-6AC7ABC960BB}.Debug|x86.ActiveCfg = Debug|Any CPU
		{35277B35-E0B8-4E03-9ABD-6AC7ABC960BB}.Debug|x86.Build.0 = Debug|Any CPU
		{35277B35-E0B8-4E03-9ABD-6AC7ABC960BB}.Release|Any CPU.ActiveCfg = Release|Any CPU
		{35277B35-E0B8-4E03-9ABD-6AC7ABC960BB}.Release|Any CPU.Build.0 = Release|Any CPU
		{35277B35-E0B8-4E03-9ABD-6AC7ABC960BB}.Release|x64.ActiveCfg = Release|Any CPU
		{35277B35-E0B8-4E03-9ABD-6AC7ABC960BB}.Release|x64.Build.0 = Release|Any CPU
		{35277B35-E0B8-4E03-9ABD-6AC7ABC960BB}.Release|x86.ActiveCfg = Release|Any CPU
		{35277B35-E0B8-4E03-9ABD-6AC7ABC960BB}.Release|x86.Build.0 = Release|Any CPU
		{CA11E97C-1118-41BA-9305-281796DC29B1}.Debug|Any CPU.ActiveCfg = Debug|Any CPU
		{CA11E97C-1118-41BA-9305-281796DC29B1}.Debug|Any CPU.Build.0 = Debug|Any CPU
		{CA11E97C-1118-41BA-9305-281796DC29B1}.Debug|x64.ActiveCfg = Debug|Any CPU
		{CA11E97C-1118-41BA-9305-281796DC29B1}.Debug|x64.Build.0 = Debug|Any CPU
		{CA11E97C-1118-41BA-9305-281796DC29B1}.Debug|x86.ActiveCfg = Debug|Any CPU
		{CA11E97C-1118-41BA-9305-281796DC29B1}.Debug|x86.Build.0 = Debug|Any CPU
		{CA11E97C-1118-41BA-9305-281796DC29B1}.Release|Any CPU.ActiveCfg = Release|Any CPU
		{CA11E97C-1118-41BA-9305-281796DC29B1}.Release|Any CPU.Build.0 = Release|Any CPU
		{CA11E97C-1118-41BA-9305-281796DC29B1}.Release|x64.ActiveCfg = Release|Any CPU
		{CA11E97C-1118-41BA-9305-281796DC29B1}.Release|x64.Build.0 = Release|Any CPU
		{CA11E97C-1118-41BA-9305-281796DC29B1}.Release|x86.ActiveCfg = Release|Any CPU
		{CA11E97C-1118-41BA-9305-281796DC29B1}.Release|x86.Build.0 = Release|Any CPU
		{045C3866-0E18-4D57-B834-D194DE3FD9AF}.Debug|Any CPU.ActiveCfg = Debug|Any CPU
		{045C3866-0E18-4D57-B834-D194DE3FD9AF}.Debug|Any CPU.Build.0 = Debug|Any CPU
		{045C3866-0E18-4D57-B834-D194DE3FD9AF}.Debug|x64.ActiveCfg = Debug|Any CPU
		{045C3866-0E18-4D57-B834-D194DE3FD9AF}.Debug|x64.Build.0 = Debug|Any CPU
		{045C3866-0E18-4D57-B834-D194DE3FD9AF}.Debug|x86.ActiveCfg = Debug|Any CPU
		{045C3866-0E18-4D57-B834-D194DE3FD9AF}.Debug|x86.Build.0 = Debug|Any CPU
		{045C3866-0E18-4D57-B834-D194DE3FD9AF}.Release|Any CPU.ActiveCfg = Release|Any CPU
		{045C3866-0E18-4D57-B834-D194DE3FD9AF}.Release|Any CPU.Build.0 = Release|Any CPU
		{045C3866-0E18-4D57-B834-D194DE3FD9AF}.Release|x64.ActiveCfg = Release|Any CPU
		{045C3866-0E18-4D57-B834-D194DE3FD9AF}.Release|x64.Build.0 = Release|Any CPU
		{045C3866-0E18-4D57-B834-D194DE3FD9AF}.Release|x86.ActiveCfg = Release|Any CPU
		{045C3866-0E18-4D57-B834-D194DE3FD9AF}.Release|x86.Build.0 = Release|Any CPU
		{C2637985-65AF-44CA-B64E-F2027C7231A5}.Debug|Any CPU.ActiveCfg = Debug|Any CPU
		{C2637985-65AF-44CA-B64E-F2027C7231A5}.Debug|Any CPU.Build.0 = Debug|Any CPU
		{C2637985-65AF-44CA-B64E-F2027C7231A5}.Debug|x64.ActiveCfg = Debug|Any CPU
		{C2637985-65AF-44CA-B64E-F2027C7231A5}.Debug|x64.Build.0 = Debug|Any CPU
		{C2637985-65AF-44CA-B64E-F2027C7231A5}.Debug|x86.ActiveCfg = Debug|Any CPU
		{C2637985-65AF-44CA-B64E-F2027C7231A5}.Debug|x86.Build.0 = Debug|Any CPU
		{C2637985-65AF-44CA-B64E-F2027C7231A5}.Release|Any CPU.ActiveCfg = Release|Any CPU
		{C2637985-65AF-44CA-B64E-F2027C7231A5}.Release|Any CPU.Build.0 = Release|Any CPU
		{C2637985-65AF-44CA-B64E-F2027C7231A5}.Release|x64.ActiveCfg = Release|Any CPU
		{C2637985-65AF-44CA-B64E-F2027C7231A5}.Release|x64.Build.0 = Release|Any CPU
		{C2637985-65AF-44CA-B64E-F2027C7231A5}.Release|x86.ActiveCfg = Release|Any CPU
		{C2637985-65AF-44CA-B64E-F2027C7231A5}.Release|x86.Build.0 = Release|Any CPU
		{5F26B9D5-DBB7-4CE0-8DBC-ED1DB383AD64}.Debug|Any CPU.ActiveCfg = Debug|Any CPU
		{5F26B9D5-DBB7-4CE0-8DBC-ED1DB383AD64}.Debug|Any CPU.Build.0 = Debug|Any CPU
		{5F26B9D5-DBB7-4CE0-8DBC-ED1DB383AD64}.Debug|x64.ActiveCfg = Debug|Any CPU
		{5F26B9D5-DBB7-4CE0-8DBC-ED1DB383AD64}.Debug|x64.Build.0 = Debug|Any CPU
		{5F26B9D5-DBB7-4CE0-8DBC-ED1DB383AD64}.Debug|x86.ActiveCfg = Debug|Any CPU
		{5F26B9D5-DBB7-4CE0-8DBC-ED1DB383AD64}.Debug|x86.Build.0 = Debug|Any CPU
		{5F26B9D5-DBB7-4CE0-8DBC-ED1DB383AD64}.Release|Any CPU.ActiveCfg = Release|Any CPU
		{5F26B9D5-DBB7-4CE0-8DBC-ED1DB383AD64}.Release|Any CPU.Build.0 = Release|Any CPU
		{5F26B9D5-DBB7-4CE0-8DBC-ED1DB383AD64}.Release|x64.ActiveCfg = Release|Any CPU
		{5F26B9D5-DBB7-4CE0-8DBC-ED1DB383AD64}.Release|x64.Build.0 = Release|Any CPU
		{5F26B9D5-DBB7-4CE0-8DBC-ED1DB383AD64}.Release|x86.ActiveCfg = Release|Any CPU
		{5F26B9D5-DBB7-4CE0-8DBC-ED1DB383AD64}.Release|x86.Build.0 = Release|Any CPU
	EndGlobalSection
	GlobalSection(SolutionProperties) = preSolution
		HideSolutionNode = FALSE
	EndGlobalSection
	GlobalSection(NestedProjects) = preSolution
		{1CA0CFE1-D93B-46A2-BBEE-908FA4F04DE1} = {7CCDF744-4F05-4B78-8890-72562B220B02}
		{06788EEC-0CED-4859-8A33-13AD547E2F67} = {D8F85806-E508-4374-9423-C0CA37016C2D}
		{7364DB1E-407A-446D-822F-CFA1934A7810} = {D8F85806-E508-4374-9423-C0CA37016C2D}
		{8C9B2964-EC82-4A37-804A-0DB618CC447F} = {D8F85806-E508-4374-9423-C0CA37016C2D}
		{2F86786B-7212-4DEF-B415-3C17D62328CA} = {D8F85806-E508-4374-9423-C0CA37016C2D}
		{866284CE-4670-4DC4-9172-069AC5DE3066} = {D8F85806-E508-4374-9423-C0CA37016C2D}
		{35277B35-E0B8-4E03-9ABD-6AC7ABC960BB} = {D8F85806-E508-4374-9423-C0CA37016C2D}
		{CA11E97C-1118-41BA-9305-281796DC29B1} = {D8F85806-E508-4374-9423-C0CA37016C2D}
		{045C3866-0E18-4D57-B834-D194DE3FD9AF} = {D8F85806-E508-4374-9423-C0CA37016C2D}
		{5F26B9D5-DBB7-4CE0-8DBC-ED1DB383AD64} = {D8F85806-E508-4374-9423-C0CA37016C2D}
	EndGlobalSection
	GlobalSection(ExtensibilityGlobals) = postSolution
		SolutionGuid = {2BA369CC-D5DF-459D-9341-1F5C4EC6B2B9}
	EndGlobalSection
EndGlobal
