<Solution>
  <Folder Name="/Gateway/" />
  <Folder Name="/Services/">
    <Project Path="BillingService/BillingService.csproj" />
    <Project Path="PatientAuthService/PatientAuthService.csproj" />
  </Folder>
  <Folder Name="/Shared/">
    <Project Path="Shared.Authentication/Shared.Authentication.csproj" />
  </Folder>
</Solution>
